
Microsoft Visual Studio Solution File, Format Version 12.00
# Visual Studio Version 17
VisualStudioVersion = 17.9.34902.65
MinimumVisualStudioVersion = 10.0.40219.1
Project("{2150E333-8FDC-42A3-9474-1A3956D46DE8}") = "Services", "Services", "{FD90C649-5AF5-44AA-8621-8D93B6986E47}"
EndProject
Project("{2150E333-8FDC-42A3-9474-1A3956D46DE8}") = "Catalog", "Catalog", "{E70AC03A-3CF2-405C-8749-4442432820D4}"
EndProject
Project("{9A19103F-16F7-4668-BE54-9A1E7A4F7556}") = "Catalog.API", "Services\Catalog\Catalog.API\Catalog.API.csproj", "{929335C7-AD54-4EBD-9C29-328BC0FDDDC7}"
EndProject
Project("{2150E333-8FDC-42A3-9474-1A3956D46DE8}") = "BuildingBlocks", "BuildingBlocks", "{95A1D8FB-8B99-4B3B-804C-3F7A63EBB6C1}"
EndProject
Project("{9A19103F-16F7-4668-BE54-9A1E7A4F7556}") = "BuildingBlocks", "BuildingBlocks\BuildingBlocks\BuildingBlocks.csproj", "{1A998CD5-4F05-4FB5-AF74-50CE862BB44A}"
EndProject
Project("{E53339B2-1760-4266-BCC7-CA923CBCF16C}") = "docker-compose", "docker-compose.dcproj", "{280622DA-B5EE-4391-AB13-C39F6D1A7F19}"
EndProject
Project("{2150E333-8FDC-42A3-9474-1A3956D46DE8}") = "Basket", "Basket", "{EDF2F2EE-518E-4E94-B8DC-5F3F9FDD02D6}"
EndProject
Project("{FAE04EC0-301F-11D3-BF4B-00C04F79EFBC}") = "Basket.API", "Services\Basket\Basket.API\Basket.API.csproj", "{54DBBB12-D998-4D55-B768-5760C0D8B9E3}"
EndProject
Project("{2150E333-8FDC-42A3-9474-1A3956D46DE8}") = "Discount", "Discount", "{35AA4D80-52B0-40F2-8946-D261D25263F0}"
EndProject
Project("{FAE04EC0-301F-11D3-BF4B-00C04F79EFBC}") = "Discount.Grpc", "Services\Discount\Discount.Grpc\Discount.Grpc.csproj", "{A1315C17-A2BA-46D8-BC90-55111FBB1DA7}"
EndProject
Project("{2150E333-8FDC-42A3-9474-1A3956D46DE8}") = "Ordering", "Ordering", "{BEC73664-937D-4AB5-A8F6-F0A3BFAC6E8E}"
EndProject
Project("{FAE04EC0-301F-11D3-BF4B-00C04F79EFBC}") = "Ordering.API", "Services\Ordering\Ordering.API\Ordering.API.csproj", "{EE482E36-D17E-4DC2-842F-7AA7BDBAC6D4}"
EndProject
Project("{FAE04EC0-301F-11D3-BF4B-00C04F79EFBC}") = "Ordering.Domain", "Services\Ordering\Ordering.Domain\Ordering.Domain.csproj", "{711AF96E-5F2E-4C9C-AA85-B5C918F6B852}"
EndProject
Project("{FAE04EC0-301F-11D3-BF4B-00C04F79EFBC}") = "Ordering.Application", "Services\Ordering\Ordering.Application\Ordering.Application.csproj", "{2B1EAD26-51C3-4FB8-8AD4-A7A6F4EE06D9}"
EndProject
Project("{FAE04EC0-301F-11D3-BF4B-00C04F79EFBC}") = "Ordering.Infrastructure", "Services\Ordering\Ordering.Infrastructure\Ordering.Infrastructure.csproj", "{D2DAAC89-9F5B-4BC7-AB32-C8C1427F69E0}"
EndProject
Project("{FAE04EC0-301F-11D3-BF4B-00C04F79EFBC}") = "BuildingBlocks.Messaging", "BuildingBlocks\BuildingBlocks.Messaging\BuildingBlocks.Messaging.csproj", "{B5DE606E-823E-4959-92C2-6064C6D1A48A}"
EndProject
Project("{2150E333-8FDC-42A3-9474-1A3956D46DE8}") = "ApiGateways", "ApiGateways", "{39CEC4E4-77DA-4C06-993C-3003605D8BFD}"
EndProject
Project("{FAE04EC0-301F-11D3-BF4B-00C04F79EFBC}") = "YarpApiGateway", "ApiGateways\YarpApiGateway\YarpApiGateway.csproj", "{36EF28E3-FCA4-4C15-BF98-E0AE619462FF}"
EndProject
Global
	GlobalSection(SolutionConfigurationPlatforms) = preSolution
		Debug|Any CPU = Debug|Any CPU
		Release|Any CPU = Release|Any CPU
	EndGlobalSection
	GlobalSection(ProjectConfigurationPlatforms) = postSolution
		{929335C7-AD54-4EBD-9C29-328BC0FDDDC7}.Debug|Any CPU.ActiveCfg = Debug|Any CPU
		{929335C7-AD54-4EBD-9C29-328BC0FDDDC7}.Debug|Any CPU.Build.0 = Debug|Any CPU
		{929335C7-AD54-4EBD-9C29-328BC0FDDDC7}.Release|Any CPU.ActiveCfg = Release|Any CPU
		{929335C7-AD54-4EBD-9C29-328BC0FDDDC7}.Release|Any CPU.Build.0 = Release|Any CPU
		{1A998CD5-4F05-4FB5-AF74-50CE862BB44A}.Debug|Any CPU.ActiveCfg = Debug|Any CPU
		{1A998CD5-4F05-4FB5-AF74-50CE862BB44A}.Debug|Any CPU.Build.0 = Debug|Any CPU
		{1A998CD5-4F05-4FB5-AF74-50CE862BB44A}.Release|Any CPU.ActiveCfg = Release|Any CPU
		{1A998CD5-4F05-4FB5-AF74-50CE862BB44A}.Release|Any CPU.Build.0 = Release|Any CPU
		{280622DA-B5EE-4391-AB13-C39F6D1A7F19}.Debug|Any CPU.ActiveCfg = Debug|Any CPU
		{280622DA-B5EE-4391-AB13-C39F6D1A7F19}.Debug|Any CPU.Build.0 = Debug|Any CPU
		{280622DA-B5EE-4391-AB13-C39F6D1A7F19}.Release|Any CPU.ActiveCfg = Release|Any CPU
		{280622DA-B5EE-4391-AB13-C39F6D1A7F19}.Release|Any CPU.Build.0 = Release|Any CPU
		{54DBBB12-D998-4D55-B768-5760C0D8B9E3}.Debug|Any CPU.ActiveCfg = Debug|Any CPU
		{54DBBB12-D998-4D55-B768-5760C0D8B9E3}.Debug|Any CPU.Build.0 = Debug|Any CPU
		{54DBBB12-D998-4D55-B768-5760C0D8B9E3}.Release|Any CPU.ActiveCfg = Release|Any CPU
		{54DBBB12-D998-4D55-B768-5760C0D8B9E3}.Release|Any CPU.Build.0 = Release|Any CPU
		{A1315C17-A2BA-46D8-BC90-55111FBB1DA7}.Debug|Any CPU.ActiveCfg = Debug|Any CPU
		{A1315C17-A2BA-46D8-BC90-55111FBB1DA7}.Debug|Any CPU.Build.0 = Debug|Any CPU
		{A1315C17-A2BA-46D8-BC90-55111FBB1DA7}.Release|Any CPU.ActiveCfg = Release|Any CPU
		{A1315C17-A2BA-46D8-BC90-55111FBB1DA7}.Release|Any CPU.Build.0 = Release|Any CPU
		{EE482E36-D17E-4DC2-842F-7AA7BDBAC6D4}.Debug|Any CPU.ActiveCfg = Debug|Any CPU
		{EE482E36-D17E-4DC2-842F-7AA7BDBAC6D4}.Debug|Any CPU.Build.0 = Debug|Any CPU
		{EE482E36-D17E-4DC2-842F-7AA7BDBAC6D4}.Release|Any CPU.ActiveCfg = Release|Any CPU
		{EE482E36-D17E-4DC2-842F-7AA7BDBAC6D4}.Release|Any CPU.Build.0 = Release|Any CPU
		{711AF96E-5F2E-4C9C-AA85-B5C918F6B852}.Debug|Any CPU.ActiveCfg = Debug|Any CPU
		{711AF96E-5F2E-4C9C-AA85-B5C918F6B852}.Debug|Any CPU.Build.0 = Debug|Any CPU
		{711AF96E-5F2E-4C9C-AA85-B5C918F6B852}.Release|Any CPU.ActiveCfg = Release|Any CPU
		{711AF96E-5F2E-4C9C-AA85-B5C918F6B852}.Release|Any CPU.Build.0 = Release|Any CPU
		{2B1EAD26-51C3-4FB8-8AD4-A7A6F4EE06D9}.Debug|Any CPU.ActiveCfg = Debug|Any CPU
		{2B1EAD26-51C3-4FB8-8AD4-A7A6F4EE06D9}.Debug|Any CPU.Build.0 = Debug|Any CPU
		{2B1EAD26-51C3-4FB8-8AD4-A7A6F4EE06D9}.Release|Any CPU.ActiveCfg = Release|Any CPU
		{2B1EAD26-51C3-4FB8-8AD4-A7A6F4EE06D9}.Release|Any CPU.Build.0 = Release|Any CPU
		{D2DAAC89-9F5B-4BC7-AB32-C8C1427F69E0}.Debug|Any CPU.ActiveCfg = Debug|Any CPU
		{D2DAAC89-9F5B-4BC7-AB32-C8C1427F69E0}.Debug|Any CPU.Build.0 = Debug|Any CPU
		{D2DAAC89-9F5B-4BC7-AB32-C8C1427F69E0}.Release|Any CPU.ActiveCfg = Release|Any CPU
		{D2DAAC89-9F5B-4BC7-AB32-C8C1427F69E0}.Release|Any CPU.Build.0 = Release|Any CPU
		{B5DE606E-823E-4959-92C2-6064C6D1A48A}.Debug|Any CPU.ActiveCfg = Debug|Any CPU
		{B5DE606E-823E-4959-92C2-6064C6D1A48A}.Debug|Any CPU.Build.0 = Debug|Any CPU
		{B5DE606E-823E-4959-92C2-6064C6D1A48A}.Release|Any CPU.ActiveCfg = Release|Any CPU
		{B5DE606E-823E-4959-92C2-6064C6D1A48A}.Release|Any CPU.Build.0 = Release|Any CPU
		{36EF28E3-FCA4-4C15-BF98-E0AE619462FF}.Debug|Any CPU.ActiveCfg = Debug|Any CPU
		{36EF28E3-FCA4-4C15-BF98-E0AE619462FF}.Debug|Any CPU.Build.0 = Debug|Any CPU
		{36EF28E3-FCA4-4C15-BF98-E0AE619462FF}.Release|Any CPU.ActiveCfg = Release|Any CPU
		{36EF28E3-FCA4-4C15-BF98-E0AE619462FF}.Release|Any CPU.Build.0 = Release|Any CPU
	EndGlobalSection
	GlobalSection(SolutionProperties) = preSolution
		HideSolutionNode = FALSE
	EndGlobalSection
	GlobalSection(NestedProjects) = preSolution
		{E70AC03A-3CF2-405C-8749-4442432820D4} = {FD90C649-5AF5-44AA-8621-8D93B6986E47}
		{929335C7-AD54-4EBD-9C29-328BC0FDDDC7} = {E70AC03A-3CF2-405C-8749-4442432820D4}
		{1A998CD5-4F05-4FB5-AF74-50CE862BB44A} = {95A1D8FB-8B99-4B3B-804C-3F7A63EBB6C1}
		{EDF2F2EE-518E-4E94-B8DC-5F3F9FDD02D6} = {FD90C649-5AF5-44AA-8621-8D93B6986E47}
		{54DBBB12-D998-4D55-B768-5760C0D8B9E3} = {EDF2F2EE-518E-4E94-B8DC-5F3F9FDD02D6}
		{35AA4D80-52B0-40F2-8946-D261D25263F0} = {FD90C649-5AF5-44AA-8621-8D93B6986E47}
		{A1315C17-A2BA-46D8-BC90-55111FBB1DA7} = {35AA4D80-52B0-40F2-8946-D261D25263F0}
		{BEC73664-937D-4AB5-A8F6-F0A3BFAC6E8E} = {FD90C649-5AF5-44AA-8621-8D93B6986E47}
		{EE482E36-D17E-4DC2-842F-7AA7BDBAC6D4} = {BEC73664-937D-4AB5-A8F6-F0A3BFAC6E8E}
		{711AF96E-5F2E-4C9C-AA85-B5C918F6B852} = {BEC73664-937D-4AB5-A8F6-F0A3BFAC6E8E}
		{2B1EAD26-51C3-4FB8-8AD4-A7A6F4EE06D9} = {BEC73664-937D-4AB5-A8F6-F0A3BFAC6E8E}
		{D2DAAC89-9F5B-4BC7-AB32-C8C1427F69E0} = {BEC73664-937D-4AB5-A8F6-F0A3BFAC6E8E}
		{B5DE606E-823E-4959-92C2-6064C6D1A48A} = {95A1D8FB-8B99-4B3B-804C-3F7A63EBB6C1}
		{36EF28E3-FCA4-4C15-BF98-E0AE619462FF} = {39CEC4E4-77DA-4C06-993C-3003605D8BFD}
	EndGlobalSection
	GlobalSection(ExtensibilityGlobals) = postSolution
		SolutionGuid = {80A084E8-ECE3-427F-8445-1CB54C9EC2C6}
	EndGlobalSection
EndGlobal
