
Microsoft Visual Studio Solution File, Format Version 12.00
# Visual Studio Version 17
VisualStudioVersion = 17.9.34902.65
MinimumVisualStudioVersion = 10.0.40219.1
Project("{2150E333-8FDC-42A3-9474-1A3956D46DE8}") = "Services", "Services", "{FD90C649-5AF5-44AA-8621-8D93B6986E47}"
EndProject
Project("{2150E333-8FDC-42A3-9474-1A3956D46DE8}") = "Catalog", "Catalog", "{E70AC03A-3CF2-405C-8749-4442432820D4}"
EndProject
Project("{FAE04EC0-301F-11D3-BF4B-00C04F79EFBC}") = "Catalog.API", "Services\Catalog\Catalog.API\Catalog.API.csproj", "{929335C7-AD54-4EBD-9C29-328BC0FDDDC7}"
EndProject
Global
	GlobalSection(SolutionConfigurationPlatforms) = preSolution
		Debug|Any CPU = Debug|Any CPU
		Release|Any CPU = Release|Any CPU
	EndGlobalSection
	GlobalSection(ProjectConfigurationPlatforms) = postSolution
		{929335C7-AD54-4EBD-9C29-328BC0FDDDC7}.Debug|Any CPU.ActiveCfg = Debug|Any CPU
		{929335C7-AD54-4EBD-9C29-328BC0FDDDC7}.Debug|Any CPU.Build.0 = Debug|Any CPU
		{929335C7-AD54-4EBD-9C29-328BC0FDDDC7}.Release|Any CPU.ActiveCfg = Release|Any CPU
		{929335C7-AD54-4EBD-9C29-328BC0FDDDC7}.Release|Any CPU.Build.0 = Release|Any CPU
	EndGlobalSection
	GlobalSection(SolutionProperties) = preSolution
		HideSolutionNode = FALSE
	EndGlobalSection
	GlobalSection(NestedProjects) = preSolution
		{E70AC03A-3CF2-405C-8749-4442432820D4} = {FD90C649-5AF5-44AA-8621-8D93B6986E47}
		{929335C7-AD54-4EBD-9C29-328BC0FDDDC7} = {E70AC03A-3CF2-405C-8749-4442432820D4}
	EndGlobalSection
	GlobalSection(ExtensibilityGlobals) = postSolution
		SolutionGuid = {80A084E8-ECE3-427F-8445-1CB54C9EC2C6}
	EndGlobalSection
EndGlobal
